
Microsoft Visual Studio Solution File, Format Version 12.00
# Visual Studio 15
VisualStudioVersion = 15.0.27703.2000
MinimumVisualStudioVersion = 10.0.40219.1
Project("{FAE04EC0-301F-11D3-BF4B-00C04F79EFBC}") = "WPFClient", "WPFClient\WPFClient.csproj", "{95D32AE2-776A-4CFE-9977-15BF3D6A83EB}"
EndProject
Project("{FAE04EC0-301F-11D3-BF4B-00C04F79EFBC}") = "LahoreSocketAsync", "..\LahoreSocketAsync\LahoreSocketAsync.csproj", "{990742EE-D23D-4E15-8618-C1B6BC51B9DB}"
EndProject
Global
	GlobalSection(SolutionConfigurationPlatforms) = preSolution
		Debug|Any CPU = Debug|Any CPU
		Release|Any CPU = Release|Any CPU
	EndGlobalSection
	GlobalSection(ProjectConfigurationPlatforms) = postSolution
		{95D32AE2-776A-4CFE-9977-15BF3D6A83EB}.Debug|Any CPU.ActiveCfg = Debug|Any CPU
		{95D32AE2-776A-4CFE-9977-15BF3D6A83EB}.Debug|Any CPU.Build.0 = Debug|Any CPU
		{95D32AE2-776A-4CFE-9977-15BF3D6A83EB}.Release|Any CPU.ActiveCfg = Release|Any CPU
		{95D32AE2-776A-4CFE-9977-15BF3D6A83EB}.Release|Any CPU.Build.0 = Release|Any CPU
		{990742EE-D23D-4E15-8618-C1B6BC51B9DB}.Debug|Any CPU.ActiveCfg = Debug|Any CPU
		{990742EE-D23D-4E15-8618-C1B6BC51B9DB}.Debug|Any CPU.Build.0 = Debug|Any CPU
		{990742EE-D23D-4E15-8618-C1B6BC51B9DB}.Release|Any CPU.ActiveCfg = Release|Any CPU
		{990742EE-D23D-4E15-8618-C1B6BC51B9DB}.Release|Any CPU.Build.0 = Release|Any CPU
	EndGlobalSection
	GlobalSection(SolutionProperties) = preSolution
		HideSolutionNode = FALSE
	EndGlobalSection
	GlobalSection(ExtensibilityGlobals) = postSolution
		SolutionGuid = {BA72F161-50C0-4CF5-894A-5977F51B5DCB}
	EndGlobalSection
EndGlobal
